{"projectHash":"5df8f41345832a819fd3c8da8eef84d7a7f6062c","productModuleName":"CharacterCopyTests","mockedTypeNames":["\/Users\/ntshembovalentiamagagane\/Downloads\/CharacterCopy\/CharacterCopyTests\/CopierTests.swift",["ISourceProtocol","IDestinationProtocol"],"\/Users\/ntshembovalentiamagagane\/Downloads\/CharacterCopy\/CharacterCopyTests\/CharacterCopyTests.swift",[]],"cliVersion":"0.20.0","sourceFilePaths":[{"path":"\/Users\/ntshembovalentiamagagane\/Downloads\/CharacterCopy\/CharacterCopyTests\/CharacterCopyTests.swift","hash":"a9b7e86dd007986c9135ba85242288a5550174e0"},{"path":"\/Users\/ntshembovalentiamagagane\/Downloads\/CharacterCopy\/CharacterCopyTests\/CopierTests.swift","hash":"c7a8d07dcc592f7bddcb38edab820b87f6e032bd"},{"path":"\/Users\/ntshembovalentiamagagane\/Downloads\/CharacterCopy\/MockingbirdMocks\/CharacterCopyTests-CharacterCopyMocks.generated.swift","hash":"7ea04b29293c6a3e92717c5936c461df404816a7"}],"sourceRoot":"\/Users\/ntshembovalentiamagagane\/Downloads\/CharacterCopy","dependencies":[],"name":"CharacterCopyTests"}