{"cliVersion":"0.20.0","productModuleName":"CharacterCopy","sourceFilePaths":[{"path":"\/Users\/ntshembovalentiamagagane\/Downloads\/CharacterCopy\/CharacterCopy\/AppDelegate.swift","hash":"faf44a05aac19ab643a84e1e9e5cbbebf683d45b"},{"path":"\/Users\/ntshembovalentiamagagane\/Downloads\/CharacterCopy\/CharacterCopy\/Copier.swift","hash":"8a5b713172bb77e92b4f0e93ba6046051c5028db"},{"path":"\/Users\/ntshembovalentiamagagane\/Downloads\/CharacterCopy\/CharacterCopy\/IDestinationProtocol.swift","hash":"437d3c6cc6dd459270bf3adccad75bfafa819522"},{"path":"\/Users\/ntshembovalentiamagagane\/Downloads\/CharacterCopy\/CharacterCopy\/ISourceProtocol.swift","hash":"a644691f4ddf87086e377d874ed18a153af858b3"},{"path":"\/Users\/ntshembovalentiamagagane\/Downloads\/CharacterCopy\/CharacterCopy\/SceneDelegate.swift","hash":"5e172df4baa5289f822bbb797f18a1665204547b"},{"path":"\/Users\/ntshembovalentiamagagane\/Downloads\/CharacterCopy\/CharacterCopy\/ViewController.swift","hash":"87ef854560ba8dd9525925a62360a6a06158ea0b"}],"configHash":"1ba87f73e4becf381f73a024209c77e755c89859","dependencyPathsHash":"b8d298e487e9eedbe39337604a035127b8a18d81","targetPathsHash":"dba9218dfc37c27ac2ee5aaf2fd52dda5ae15dfa","mockedTypesHash":"57a7cbf9ec7775c9fb952e29697068d63e78c081","outputHash":"7ea04b29293c6a3e92717c5936c461df404816a7","dependencies":[],"sourceRoot":"\/Users\/ntshembovalentiamagagane\/Downloads\/CharacterCopy","supportingFilePaths":[{"path":"\/Users\/ntshembovalentiamagagane\/Downloads\/CharacterCopy\/MockingbirdSupport\/AppKit\/NSResponder.swift","hash":"21296949c6d570892c8665a450e62c234c938790"},{"path":"\/Users\/ntshembovalentiamagagane\/Downloads\/CharacterCopy\/MockingbirdSupport\/AppKit\/NSView.swift","hash":"85b3183be144012a7e105e292426c3d9f8966072"},{"path":"\/Users\/ntshembovalentiamagagane\/Downloads\/CharacterCopy\/MockingbirdSupport\/AppKit\/NSViewController.swift","hash":"d8785e8a119f2723c8840534df0ad8ac61409797"},{"path":"\/Users\/ntshembovalentiamagagane\/Downloads\/CharacterCopy\/MockingbirdSupport\/Foundation\/ObjectiveC\/NSObject.swift","hash":"cf466772b8c2d80d31f34b93b501b398fbb8854d"},{"path":"\/Users\/ntshembovalentiamagagane\/Downloads\/CharacterCopy\/MockingbirdSupport\/Foundation\/ObjectiveC\/NSObject.swift","hash":"cf466772b8c2d80d31f34b93b501b398fbb8854d"},{"path":"\/Users\/ntshembovalentiamagagane\/Downloads\/CharacterCopy\/MockingbirdSupport\/Swift\/Codable.swift","hash":"57675d8b36a2db7b093b3542bd3225a88992c3bc"},{"path":"\/Users\/ntshembovalentiamagagane\/Downloads\/CharacterCopy\/MockingbirdSupport\/Swift\/Comparable.swift","hash":"d0d110744eeaf2f8fdd2f8a41df3452f35286bb7"},{"path":"\/Users\/ntshembovalentiamagagane\/Downloads\/CharacterCopy\/MockingbirdSupport\/Swift\/Equatable.swift","hash":"2e7674f4e23a5ab7aef45b91b63c0ed5934c3b83"},{"path":"\/Users\/ntshembovalentiamagagane\/Downloads\/CharacterCopy\/MockingbirdSupport\/Swift\/Hashable.swift","hash":"f59ec249aa03e312f2bda7c3b397c0dccd880a21"},{"path":"\/Users\/ntshembovalentiamagagane\/Downloads\/CharacterCopy\/MockingbirdSupport\/Swift\/Misc.swift","hash":"c139249ec5799f1ec64c3d9e7d8c1f286b894035"},{"path":"\/Users\/ntshembovalentiamagagane\/Downloads\/CharacterCopy\/MockingbirdSupport\/UIKit\/UIControl.swift","hash":"9363a4c38002598dbbc1198f16fe7198b8151d24"},{"path":"\/Users\/ntshembovalentiamagagane\/Downloads\/CharacterCopy\/MockingbirdSupport\/UIKit\/UILabel.swift","hash":"e26a734695bfe008598ed0d8c936683db78f40ac"},{"path":"\/Users\/ntshembovalentiamagagane\/Downloads\/CharacterCopy\/MockingbirdSupport\/UIKit\/UIView.swift","hash":"10e6b03a9c5a76f720c17fcb82af82ff66994926"},{"path":"\/Users\/ntshembovalentiamagagane\/Downloads\/CharacterCopy\/MockingbirdSupport\/UIKit\/UIViewController.swift","hash":"bbd8980a22029f339b0e8746124fd06d94730570"}],"name":"CharacterCopy","projectHash":"5df8f41345832a819fd3c8da8eef84d7a7f6062c"}